
Microsoft Visual Studio Solution File, Format Version 12.00
# Visual Studio 2013
VisualStudioVersion = 12.0.21005.1
MinimumVisualStudioVersion = 10.0.40219.1
Project("{FAE04EC0-301F-11D3-BF4B-00C04F79EFBC}") = "RightClickFileOrganizer", "RightClickFileOrganizer\RightClickFileOrganizer.csproj", "{D1DF318F-6D1C-4DFA-BA97-BB5553E1611B}"
EndProject
Global
	GlobalSection(SolutionConfigurationPlatforms) = preSolution
		Debug|Any CPU = Debug|Any CPU
		Release|Any CPU = Release|Any CPU
	EndGlobalSection
	GlobalSection(ProjectConfigurationPlatforms) = postSolution
		{D1DF318F-6D1C-4DFA-BA97-BB5553E1611B}.Debug|Any CPU.ActiveCfg = Debug|Any CPU
		{D1DF318F-6D1C-4DFA-BA97-BB5553E1611B}.Debug|Any CPU.Build.0 = Debug|Any CPU
		{D1DF318F-6D1C-4DFA-BA97-BB5553E1611B}.Release|Any CPU.ActiveCfg = Release|Any CPU
		{D1DF318F-6D1C-4DFA-BA97-BB5553E1611B}.Release|Any CPU.Build.0 = Release|Any CPU
	EndGlobalSection
	GlobalSection(SolutionProperties) = preSolution
		HideSolutionNode = FALSE
	EndGlobalSection
EndGlobal
